// !$*UTF8*$!
{
	archiveVersion = 1;
	classes = {
	};
	objectVersion = 50;
	objects = {

/* Begin PBXBuildFile section */
		6927DD6B22E411F400FCBD3A /* AppDelegate.swift in Sources */ = {isa = PBXBuildFile; fileRef = 6927DD6A22E411F400FCBD3A /* AppDelegate.swift */; };
		6927DD6D22E411F400FCBD3A /* ViewController.swift in Sources */ = {isa = PBXBuildFile; fileRef = 6927DD6C22E411F400FCBD3A /* ViewController.swift */; };
		6927DD7022E411F400FCBD3A /* Main.storyboard in Resources */ = {isa = PBXBuildFile; fileRef = 6927DD6E22E411F400FCBD3A /* Main.storyboard */; };
		6927DD7222E411F800FCBD3A /* Assets.xcassets in Resources */ = {isa = PBXBuildFile; fileRef = 6927DD7122E411F800FCBD3A /* Assets.xcassets */; };
		6927DD7522E411F800FCBD3A /* LaunchScreen.storyboard in Resources */ = {isa = PBXBuildFile; fileRef = 6927DD7322E411F800FCBD3A /* LaunchScreen.storyboard */; };
		6927DD7D22E4DEEF00FCBD3A /* home.html in Resources */ = {isa = PBXBuildFile; fileRef = 6927DD7C22E4DEEF00FCBD3A /* home.html */; };
		6988E58E22F4EF19000AEA33 /* dashboard.png in Resources */ = {isa = PBXBuildFile; fileRef = 6988E58D22F4EF19000AEA33 /* dashboard.png */; };
/* End PBXBuildFile section */

/* Begin PBXFileReference section */
		6927DD6722E411F400FCBD3A /* Swiffee VR.app */ = {isa = PBXFileReference; explicitFileType = wrapper.application; includeInIndex = 0; path = "Swiffee VR.app"; sourceTree = BUILT_PRODUCTS_DIR; };
		6927DD6A22E411F400FCBD3A /* AppDelegate.swift */ = {isa = PBXFileReference; lastKnownFileType = sourcecode.swift; path = AppDelegate.swift; sourceTree = "<group>"; };
		6927DD6C22E411F400FCBD3A /* ViewController.swift */ = {isa = PBXFileReference; lastKnownFileType = sourcecode.swift; path = ViewController.swift; sourceTree = "<group>"; };
		6927DD6F22E411F400FCBD3A /* Base */ = {isa = PBXFileReference; lastKnownFileType = file.storyboard; name = Base; path = Base.lproj/Main.storyboard; sourceTree = "<group>"; };
		6927DD7122E411F800FCBD3A /* Assets.xcassets */ = {isa = PBXFileReference; lastKnownFileType = folder.assetcatalog; path = Assets.xcassets; sourceTree = "<group>"; };
		6927DD7422E411F800FCBD3A /* Base */ = {isa = PBXFileReference; lastKnownFileType = file.storyboard; name = Base; path = Base.lproj/LaunchScreen.storyboard; sourceTree = "<group>"; };
		6927DD7622E411F800FCBD3A /* Info.plist */ = {isa = PBXFileReference; lastKnownFileType = text.plist.xml; path = Info.plist; sourceTree = "<group>"; };
		6927DD7C22E4DEEF00FCBD3A /* home.html */ = {isa = PBXFileReference; fileEncoding = 4; lastKnownFileType = text.html; path = home.html; sourceTree = "<group>"; };
		6988E58D22F4EF19000AEA33 /* dashboard.png */ = {isa = PBXFileReference; lastKnownFileType = image.png; name = dashboard.png; path = ../../Tests/dashboard.png; sourceTree = "<group>"; };
/* End PBXFileReference section */

/* Begin PBXFrameworksBuildPhase section */
		6927DD6422E411F400FCBD3A /* Frameworks */ = {
			isa = PBXFrameworksBuildPhase;
			buildActionMask = 2147483647;
			files = (
			);
			runOnlyForDeploymentPostprocessing = 0;
		};
/* End PBXFrameworksBuildPhase section */

/* Begin PBXGroup section */
		6927DD5E22E411F400FCBD3A = {
			isa = PBXGroup;
			children = (
				6927DD6922E411F400FCBD3A /* Swiffee VR */,
				6927DD6822E411F400FCBD3A /* Products */,
			);
			sourceTree = "<group>";
		};
		6927DD6822E411F400FCBD3A /* Products */ = {
			isa = PBXGroup;
			children = (
				6927DD6722E411F400FCBD3A /* Swiffee VR.app */,
			);
			name = Products;
			sourceTree = "<group>";
		};
		6927DD6922E411F400FCBD3A /* Swiffee VR */ = {
			isa = PBXGroup;
			children = (
				6988E58D22F4EF19000AEA33 /* dashboard.png */,
				6927DD7C22E4DEEF00FCBD3A /* home.html */,
				6927DD6A22E411F400FCBD3A /* AppDelegate.swift */,
				6927DD6C22E411F400FCBD3A /* ViewController.swift */,
				6927DD6E22E411F400FCBD3A /* Main.storyboard */,
				6927DD7122E411F800FCBD3A /* Assets.xcassets */,
				6927DD7322E411F800FCBD3A /* LaunchScreen.storyboard */,
				6927DD7622E411F800FCBD3A /* Info.plist */,
			);
			path = "Swiffee VR";
			sourceTree = "<group>";
		};
/* End PBXGroup section */

/* Begin PBXNativeTarget section */
		6927DD6622E411F400FCBD3A /* Swiffee VR */ = {
			isa = PBXNativeTarget;
			buildConfigurationList = 6927DD7922E411F800FCBD3A /* Build configuration list for PBXNativeTarget "Swiffee VR" */;
			buildPhases = (
				6927DD6322E411F400FCBD3A /* Sources */,
				6927DD6422E411F400FCBD3A /* Frameworks */,
				6927DD6522E411F400FCBD3A /* Resources */,
			);
			buildRules = (
			);
			dependencies = (
			);
			name = "Swiffee VR";
			productName = "Swiffee VR";
			productReference = 6927DD6722E411F400FCBD3A /* Swiffee VR.app */;
			productType = "com.apple.product-type.application";
		};
/* End PBXNativeTarget section */

/* Begin PBXProject section */
		6927DD5F22E411F400FCBD3A /* Project object */ = {
			isa = PBXProject;
			attributes = {
				LastSwiftUpdateCheck = 1020;
				LastUpgradeCheck = 1020;
				ORGANIZATIONNAME = "Laksh Bhambhani";
				TargetAttributes = {
					6927DD6622E411F400FCBD3A = {
						CreatedOnToolsVersion = 10.2.1;
					};
				};
			};
			buildConfigurationList = 6927DD6222E411F400FCBD3A /* Build configuration list for PBXProject "Swiffee VR" */;
			compatibilityVersion = "Xcode 9.3";
			developmentRegion = en;
			hasScannedForEncodings = 0;
			knownRegions = (
				en,
				Base,
			);
			mainGroup = 6927DD5E22E411F400FCBD3A;
			productRefGroup = 6927DD6822E411F400FCBD3A /* Products */;
			projectDirPath = "";
			projectRoot = "";
			targets = (
				6927DD6622E411F400FCBD3A /* Swiffee VR */,
			);
		};
/* End PBXProject section */

/* Begin PBXResourcesBuildPhase section */
		6927DD6522E411F400FCBD3A /* Resources */ = {
			isa = PBXResourcesBuildPhase;
			buildActionMask = 2147483647;
			files = (
				6927DD7522E411F800FCBD3A /* LaunchScreen.storyboard in Resources */,
				6927DD7D22E4DEEF00FCBD3A /* home.html in Resources */,
				6988E58E22F4EF19000AEA33 /* dashboard.png in Resources */,
				6927DD7222E411F800FCBD3A /* Assets.xcassets in Resources */,
				6927DD7022E411F400FCBD3A /* Main.storyboard in Resources */,
			);
			runOnlyForDeploymentPostprocessing = 0;
		};
/* End PBXResourcesBuildPhase section */

/* Begin PBXSourcesBuildPhase section */
		6927DD6322E411F400FCBD3A /* Sources */ = {
			isa = PBXSourcesBuildPhase;
			buildActionMask = 2147483647;
			files = (
				6927DD6D22E411F400FCBD3A /* ViewController.swift in Sources */,
				6927DD6B22E411F400FCBD3A /* AppDelegate.swift in Sources */,
			);
			runOnlyForDeploymentPostprocessing = 0;
		};
/* End PBXSourcesBuildPhase section */

/* Begin PBXVariantGroup section */
		6927DD6E22E411F400FCBD3A /* Main.storyboard */ = {
			isa = PBXVariantGroup;
			children = (
				6927DD6F22E411F400FCBD3A /* Base */,
			);
			name = Main.storyboard;
			sourceTree = "<group>";
		};
		6927DD7322E411F800FCBD3A /* LaunchScreen.storyboard */ = {
			isa = PBXVariantGroup;
			children = (
				6927DD7422E411F800FCBD3A /* Base */,
			);
			name = LaunchScreen.storyboard;
			sourceTree = "<group>";
		};
/* End PBXVariantGroup section */

/* Begin XCBuildConfiguration section */
		6927DD7722E411F800FCBD3A /* Debug */ = {
			isa = XCBuildConfiguration;
			buildSettings = {
				ALWAYS_SEARCH_USER_PATHS = NO;
				CLANG_ANALYZER_NONNULL = YES;
				CLANG_ANALYZER_NUMBER_OBJECT_CONVERSION = YES_AGGRESSIVE;
				CLANG_CXX_LANGUAGE_STANDARD = "gnu++14";
				CLANG_CXX_LIBRARY = "libc++";
				CLANG_ENABLE_MODULES = YES;
				CLANG_ENABLE_OBJC_ARC = YES;
				CLANG_ENABLE_OBJC_WEAK = YES;
				CLANG_WARN_BLOCK_CAPTURE_AUTORELEASING = YES;
				CLANG_WARN_BOOL_CONVERSION = YES;
				CLANG_WARN_COMMA = YES;
				CLANG_WARN_CONSTANT_CONVERSION = YES;
				CLANG_WARN_DEPRECATED_OBJC_IMPLEMENTATIONS = YES;
				CLANG_WARN_DIRECT_OBJC_ISA_USAGE = YES_ERROR;
				CLANG_WARN_DOCUMENTATION_COMMENTS = YES;
				CLANG_WARN_EMPTY_BODY = YES;
				CLANG_WARN_ENUM_CONVERSION = YES;
				CLANG_WARN_INFINITE_RECURSION = YES;
				CLANG_WARN_INT_CONVERSION = YES;
				CLANG_WARN_NON_LITERAL_NULL_CONVERSION = YES;
				CLANG_WARN_OBJC_IMPLICIT_RETAIN_SELF = YES;
				CLANG_WARN_OBJC_LITERAL_CONVERSION = YES;
				CLANG_WARN_OBJC_ROOT_CLASS = YES_ERROR;
				CLANG_WARN_RANGE_LOOP_ANALYSIS = YES;
				CLANG_WARN_STRICT_PROTOTYPES = YES;
				CLANG_WARN_SUSPICIOUS_MOVE = YES;
				CLANG_WARN_UNGUARDED_AVAILABILITY = YES_AGGRESSIVE;
				CLANG_WARN_UNREACHABLE_CODE = YES;
				CLANG_WARN__DUPLICATE_METHOD_MATCH = YES;
				CODE_SIGN_IDENTITY = "iPhone Developer";
				COPY_PHASE_STRIP = NO;
				DEBUG_INFORMATION_FORMAT = dwarf;
				ENABLE_STRICT_OBJC_MSGSEND = YES;
				ENABLE_TESTABILITY = YES;
				GCC_C_LANGUAGE_STANDARD = gnu11;
				GCC_DYNAMIC_NO_PIC = NO;
				GCC_NO_COMMON_BLOCKS = YES;
				GCC_OPTIMIZATION_LEVEL = 0;
				GCC_PREPROCESSOR_DEFINITIONS = (
					"DEBUG=1",
					"$(inherited)",
				);
				GCC_WARN_64_TO_32_BIT_CONVERSION = YES;
				GCC_WARN_ABOUT_RETURN_TYPE = YES_ERROR;
				GCC_WARN_UNDECLARED_SELECTOR = YES;
				GCC_WARN_UNINITIALIZED_AUTOS = YES_AGGRESSIVE;
				GCC_WARN_UNUSED_FUNCTION = YES;
				GCC_WARN_UNUSED_VARIABLE = YES;
				IPHONEOS_DEPLOYMENT_TARGET = 12.2;
				MTL_ENABLE_DEBUG_INFO = INCLUDE_SOURCE;
				MTL_FAST_MATH = YES;
				ONLY_ACTIVE_ARCH = YES;
				SDKROOT = iphoneos;
				SWIFT_ACTIVE_COMPILATION_CONDITIONS = DEBUG;
				SWIFT_OPTIMIZATION_LEVEL = "-Onone";
			};
			name = Debug;
		};
		6927DD7822E411F800FCBD3A /* Release */ = {
			isa = XCBuildConfiguration;
			buildSettings = {
				ALWAYS_SEARCH_USER_PATHS = NO;
				CLANG_ANALYZER_NONNULL = YES;
				CLANG_ANALYZER_NUMBER_OBJECT_CONVERSION = YES_AGGRESSIVE;
				CLANG_CXX_LANGUAGE_STANDARD = "gnu++14";
				CLANG_CXX_LIBRARY = "libc++";
				CLANG_ENABLE_MODULES = YES;
				CLANG_ENABLE_OBJC_ARC = YES;
				CLANG_ENABLE_OBJC_WEAK = YES;
				CLANG_WARN_BLOCK_CAPTURE_AUTORELEASING = YES;
				CLANG_WARN_BOOL_CONVERSION = YES;
				CLANG_WARN_COMMA = YES;
				CLANG_WARN_CONSTANT_CONVERSION = YES;
				CLANG_WARN_DEPRECATED_OBJC_IMPLEMENTATIONS = YES;
				CLANG_WARN_DIRECT_OBJC_ISA_USAGE = YES_ERROR;
				CLANG_WARN_DOCUMENTATION_COMMENTS = YES;
				CLANG_WARN_EMPTY_BODY = YES;
				CLANG_WARN_ENUM_CONVERSION = YES;
				CLANG_WARN_INFINITE_RECURSION = YES;
				CLANG_WARN_INT_CONVERSION = YES;
				CLANG_WARN_NON_LITERAL_NULL_CONVERSION = YES;
				CLANG_WARN_OBJC_IMPLICIT_RETAIN_SELF = YES;
				CLANG_WARN_OBJC_LITERAL_CONVERSION = YES;
				CLANG_WARN_OBJC_ROOT_CLASS = YES_ERROR;
				CLANG_WARN_RANGE_LOOP_ANALYSIS = YES;
				CLANG_WARN_STRICT_PROTOTYPES = YES;
				CLANG_WARN_SUSPICIOUS_MOVE = YES;
				CLANG_WARN_UNGUARDED_AVAILABILITY = YES_AGGRESSIVE;
				CLANG_WARN_UNREACHABLE_CODE = YES;
				CLANG_WARN__DUPLICATE_METHOD_MATCH = YES;
				CODE_SIGN_IDENTITY = "iPhone Developer";
				COPY_PHASE_STRIP = NO;
				DEBUG_INFORMATION_FORMAT = "dwarf-with-dsym";
				ENABLE_NS_ASSERTIONS = NO;
				ENABLE_STRICT_OBJC_MSGSEND = YES;
				GCC_C_LANGUAGE_STANDARD = gnu11;
				GCC_NO_COMMON_BLOCKS = YES;
				GCC_WARN_64_TO_32_BIT_CONVERSION = YES;
				GCC_WARN_ABOUT_RETURN_TYPE = YES_ERROR;
				GCC_WARN_UNDECLARED_SELECTOR = YES;
				GCC_WARN_UNINITIALIZED_AUTOS = YES_AGGRESSIVE;
				GCC_WARN_UNUSED_FUNCTION = YES;
				GCC_WARN_UNUSED_VARIABLE = YES;
				IPHONEOS_DEPLOYMENT_TARGET = 12.2;
				MTL_ENABLE_DEBUG_INFO = NO;
				MTL_FAST_MATH = YES;
				SDKROOT = iphoneos;
				SWIFT_COMPILATION_MODE = wholemodule;
				SWIFT_OPTIMIZATION_LEVEL = "-O";
				VALIDATE_PRODUCT = YES;
			};
			name = Release;
		};
		6927DD7A22E411F800FCBD3A /* Debug */ = {
			isa = XCBuildConfiguration;
			buildSettings = {
				ASSETCATALOG_COMPILER_APPICON_NAME = AppIcon;
				CODE_SIGN_STYLE = Automatic;
				DEVELOPMENT_TEAM = VLYRN42T84;
				INFOPLIST_FILE = "Swiffee VR/Info.plist";
				IPHONEOS_DEPLOYMENT_TARGET = 12.2;
				LD_RUNPATH_SEARCH_PATHS = (
					"$(inherited)",
					"@executable_path/Frameworks",
				);
				PRODUCT_BUNDLE_IDENTIFIER = "laksh.Swiffee-VR";
				PRODUCT_NAME = "$(TARGET_NAME)";
				SWIFT_VERSION = 5.0;
				TARGETED_DEVICE_FAMILY = "1,2";
			};
			name = Debug;
		};
		6927DD7B22E411F800FCBD3A /* Release */ = {
			isa = XCBuildConfiguration;
			buildSettings = {
				ASSETCATALOG_COMPILER_APPICON_NAME = AppIcon;
				CODE_SIGN_STYLE = Automatic;
				DEVELOPMENT_TEAM = VLYRN42T84;
				INFOPLIST_FILE = "Swiffee VR/Info.plist";
				IPHONEOS_DEPLOYMENT_TARGET = 12.2;
				LD_RUNPATH_SEARCH_PATHS = (
					"$(inherited)",
					"@executable_path/Frameworks",
				);
				PRODUCT_BUNDLE_IDENTIFIER = "laksh.Swiffee-VR";
				PRODUCT_NAME = "$(TARGET_NAME)";
				SWIFT_VERSION = 5.0;
				TARGETED_DEVICE_FAMILY = "1,2";
			};
			name = Release;
		};
/* End XCBuildConfiguration section */

/* Begin XCConfigurationList section */
		6927DD6222E411F400FCBD3A /* Build configuration list for PBXProject "Swiffee VR" */ = {
			isa = XCConfigurationList;
			buildConfigurations = (
				6927DD7722E411F800FCBD3A /* Debug */,
				6927DD7822E411F800FCBD3A /* Release */,
			);
			defaultConfigurationIsVisible = 0;
			defaultConfigurationName = Release;
		};
		6927DD7922E411F800FCBD3A /* Build configuration list for PBXNativeTarget "Swiffee VR" */ = {
			isa = XCConfigurationList;
			buildConfigurations = (
				6927DD7A22E411F800FCBD3A /* Debug */,
				6927DD7B22E411F800FCBD3A /* Release */,
			);
			defaultConfigurationIsVisible = 0;
			defaultConfigurationName = Release;
		};
/* End XCConfigurationList section */
	};
	rootObject = 6927DD5F22E411F400FCBD3A /* Project object */;
}
